// !$*UTF8*$!
{
	archiveVersion = 1;
	classes = {
	};
	objectVersion = 50;
	objects = {

/* Begin PBXBuildFile section */
		16C0DAFEA2AF60F54AF0D78F /* libPods-iOS_LXBTests.a in Frameworks */ = {isa = PBXBuildFile; fileRef = 21250A0A7B453C087DAEDEAB /* libPods-iOS_LXBTests.a */; };
		913222CA21CCE26C00CF4FFD /* LXBRedPacketRainViewController.m in Sources */ = {isa = PBXBuildFile; fileRef = 913222C821CCE26C00CF4FFD /* LXBRedPacketRainViewController.m */; };
		913222CB21CCE26C00CF4FFD /* LXBRedPacketRainViewController.xib in Resources */ = {isa = PBXBuildFile; fileRef = 913222C921CCE26C00CF4FFD /* LXBRedPacketRainViewController.xib */; };
		913222D121CCE30D00CF4FFD /* LXB_YYViewController.m in Sources */ = {isa = PBXBuildFile; fileRef = 913222CF21CCE30D00CF4FFD /* LXB_YYViewController.m */; };
		913222D221CCE30D00CF4FFD /* LXB_YYViewController.xib in Resources */ = {isa = PBXBuildFile; fileRef = 913222D021CCE30D00CF4FFD /* LXB_YYViewController.xib */; };
		913222D521CCE51D00CF4FFD /* LXB_RedPacketView.m in Sources */ = {isa = PBXBuildFile; fileRef = 913222D421CCE51D00CF4FFD /* LXB_RedPacketView.m */; };
		9134582221C3964B004B8922 /* LXB_ForwardingViewController.m in Sources */ = {isa = PBXBuildFile; fileRef = 9134582021C3964B004B8922 /* LXB_ForwardingViewController.m */; };
		9134582321C3964B004B8922 /* LXB_ForwardingViewController.xib in Resources */ = {isa = PBXBuildFile; fileRef = 9134582121C3964B004B8922 /* LXB_ForwardingViewController.xib */; };
		9134582721C3A0D8004B8922 /* LXB_FirstViewController.m in Sources */ = {isa = PBXBuildFile; fileRef = 9134582621C3A0D8004B8922 /* LXB_FirstViewController.m */; };
		9134582A21C3A0EC004B8922 /* LXB_SecondViewController.m in Sources */ = {isa = PBXBuildFile; fileRef = 9134582921C3A0EC004B8922 /* LXB_SecondViewController.m */; };
		9134582D21C3A0F7004B8922 /* LXB_ThirdViewController.m in Sources */ = {isa = PBXBuildFile; fileRef = 9134582C21C3A0F7004B8922 /* LXB_ThirdViewController.m */; };
		91570EC121D2007500C5B84C /* LXB_RuntimeViewController.m in Sources */ = {isa = PBXBuildFile; fileRef = 91570EBF21D2007500C5B84C /* LXB_RuntimeViewController.m */; };
		91570EC221D2007500C5B84C /* LXB_RuntimeViewController.xib in Resources */ = {isa = PBXBuildFile; fileRef = 91570EC021D2007500C5B84C /* LXB_RuntimeViewController.xib */; };
		91570EC621D201DC00C5B84C /* RuntimeZJ in Resources */ = {isa = PBXBuildFile; fileRef = 91570EC521D201DC00C5B84C /* RuntimeZJ */; };
		9166B80521D32B4B00A54052 /* UIViewController+Unit.m in Sources */ = {isa = PBXBuildFile; fileRef = 9166B80321D32B4B00A54052 /* UIViewController+Unit.m */; };
		91FFF0BB21C2649100549976 /* iOS_LXBTests.m in Sources */ = {isa = PBXBuildFile; fileRef = 91FFF0BA21C2649100549976 /* iOS_LXBTests.m */; };
		91FFF0C621C2649100549976 /* iOS_LXBUITests.m in Sources */ = {isa = PBXBuildFile; fileRef = 91FFF0C521C2649100549976 /* iOS_LXBUITests.m */; };
		91FFF0DE21C26A5500549976 /* Assets.xcassets in Resources */ = {isa = PBXBuildFile; fileRef = 91FFF0D521C26A5500549976 /* Assets.xcassets */; };
		91FFF0DF21C26A5500549976 /* ViewController.m in Sources */ = {isa = PBXBuildFile; fileRef = 91FFF0D621C26A5500549976 /* ViewController.m */; };
		91FFF0E021C26A5500549976 /* LaunchScreen.storyboard in Resources */ = {isa = PBXBuildFile; fileRef = 91FFF0D721C26A5500549976 /* LaunchScreen.storyboard */; };
		91FFF0E121C26A5500549976 /* Main.storyboard in Resources */ = {isa = PBXBuildFile; fileRef = 91FFF0D921C26A5500549976 /* Main.storyboard */; };
		91FFF0E221C26A5500549976 /* main.m in Sources */ = {isa = PBXBuildFile; fileRef = 91FFF0DB21C26A5500549976 /* main.m */; };
		91FFF0E321C26A5500549976 /* AppDelegate.m in Sources */ = {isa = PBXBuildFile; fileRef = 91FFF0DC21C26A5500549976 /* AppDelegate.m */; };
		D0AD11C5A74A5C7CBB5A8490 /* libPods-iOS_LXB.a in Frameworks */ = {isa = PBXBuildFile; fileRef = 8D2ABC5303F9541FFC0F8C96 /* libPods-iOS_LXB.a */; };
		EDE8467E4EC9856D27AFFFF8 /* libPods-iOS_LXBUITests.a in Frameworks */ = {isa = PBXBuildFile; fileRef = 422AA179E8DFB699AADF7720 /* libPods-iOS_LXBUITests.a */; };
/* End PBXBuildFile section */

/* Begin PBXContainerItemProxy section */
		91FFF0B721C2649100549976 /* PBXContainerItemProxy */ = {
			isa = PBXContainerItemProxy;
			containerPortal = 91FFF09621C2648F00549976 /* Project object */;
			proxyType = 1;
			remoteGlobalIDString = 91FFF09D21C2648F00549976;
			remoteInfo = iOS_LXB;
		};
		91FFF0C221C2649100549976 /* PBXContainerItemProxy */ = {
			isa = PBXContainerItemProxy;
			containerPortal = 91FFF09621C2648F00549976 /* Project object */;
			proxyType = 1;
			remoteGlobalIDString = 91FFF09D21C2648F00549976;
			remoteInfo = iOS_LXB;
		};
/* End PBXContainerItemProxy section */

/* Begin PBXFileReference section */
		0B9FF67603F246E5EF07BA51 /* Pods-iOS_LXBTests.release.xcconfig */ = {isa = PBXFileReference; includeInIndex = 1; lastKnownFileType = text.xcconfig; name = "Pods-iOS_LXBTests.release.xcconfig"; path = "Pods/Target Support Files/Pods-iOS_LXBTests/Pods-iOS_LXBTests.release.xcconfig"; sourceTree = "<group>"; };
		21250A0A7B453C087DAEDEAB /* libPods-iOS_LXBTests.a */ = {isa = PBXFileReference; explicitFileType = archive.ar; includeInIndex = 0; path = "libPods-iOS_LXBTests.a"; sourceTree = BUILT_PRODUCTS_DIR; };
		2A83B5E0BD7D782FCF967BE3 /* Pods-iOS_LXB.release.xcconfig */ = {isa = PBXFileReference; includeInIndex = 1; lastKnownFileType = text.xcconfig; name = "Pods-iOS_LXB.release.xcconfig"; path = "Pods/Target Support Files/Pods-iOS_LXB/Pods-iOS_LXB.release.xcconfig"; sourceTree = "<group>"; };
		33082E4E9DE5E860DCDEECCD /* Pods-iOS_LXBUITests.release.xcconfig */ = {isa = PBXFileReference; includeInIndex = 1; lastKnownFileType = text.xcconfig; name = "Pods-iOS_LXBUITests.release.xcconfig"; path = "Pods/Target Support Files/Pods-iOS_LXBUITests/Pods-iOS_LXBUITests.release.xcconfig"; sourceTree = "<group>"; };
		3FB2D29947D97859DAB00C64 /* Pods-iOS_LXB.debug.xcconfig */ = {isa = PBXFileReference; includeInIndex = 1; lastKnownFileType = text.xcconfig; name = "Pods-iOS_LXB.debug.xcconfig"; path = "Pods/Target Support Files/Pods-iOS_LXB/Pods-iOS_LXB.debug.xcconfig"; sourceTree = "<group>"; };
		422AA179E8DFB699AADF7720 /* libPods-iOS_LXBUITests.a */ = {isa = PBXFileReference; explicitFileType = archive.ar; includeInIndex = 0; path = "libPods-iOS_LXBUITests.a"; sourceTree = BUILT_PRODUCTS_DIR; };
		8D2ABC5303F9541FFC0F8C96 /* libPods-iOS_LXB.a */ = {isa = PBXFileReference; explicitFileType = archive.ar; includeInIndex = 0; path = "libPods-iOS_LXB.a"; sourceTree = BUILT_PRODUCTS_DIR; };
		9108B19721C78EB5004F691A /* PrefixHeader.pch */ = {isa = PBXFileReference; lastKnownFileType = sourcecode.c.h; path = PrefixHeader.pch; sourceTree = "<group>"; };
		913222C721CCE26C00CF4FFD /* LXBRedPacketRainViewController.h */ = {isa = PBXFileReference; lastKnownFileType = sourcecode.c.h; path = LXBRedPacketRainViewController.h; sourceTree = "<group>"; };
		913222C821CCE26C00CF4FFD /* LXBRedPacketRainViewController.m */ = {isa = PBXFileReference; lastKnownFileType = sourcecode.c.objc; path = LXBRedPacketRainViewController.m; sourceTree = "<group>"; };
		913222C921CCE26C00CF4FFD /* LXBRedPacketRainViewController.xib */ = {isa = PBXFileReference; lastKnownFileType = file.xib; path = LXBRedPacketRainViewController.xib; sourceTree = "<group>"; };
		913222CE21CCE30D00CF4FFD /* LXB_YYViewController.h */ = {isa = PBXFileReference; lastKnownFileType = sourcecode.c.h; path = LXB_YYViewController.h; sourceTree = "<group>"; };
		913222CF21CCE30D00CF4FFD /* LXB_YYViewController.m */ = {isa = PBXFileReference; lastKnownFileType = sourcecode.c.objc; path = LXB_YYViewController.m; sourceTree = "<group>"; };
		913222D021CCE30D00CF4FFD /* LXB_YYViewController.xib */ = {isa = PBXFileReference; lastKnownFileType = file.xib; path = LXB_YYViewController.xib; sourceTree = "<group>"; };
		913222D321CCE51D00CF4FFD /* LXB_RedPacketView.h */ = {isa = PBXFileReference; lastKnownFileType = sourcecode.c.h; path = LXB_RedPacketView.h; sourceTree = "<group>"; };
		913222D421CCE51D00CF4FFD /* LXB_RedPacketView.m */ = {isa = PBXFileReference; lastKnownFileType = sourcecode.c.objc; path = LXB_RedPacketView.m; sourceTree = "<group>"; };
		9134581F21C3964B004B8922 /* LXB_ForwardingViewController.h */ = {isa = PBXFileReference; lastKnownFileType = sourcecode.c.h; path = LXB_ForwardingViewController.h; sourceTree = "<group>"; };
		9134582021C3964B004B8922 /* LXB_ForwardingViewController.m */ = {isa = PBXFileReference; lastKnownFileType = sourcecode.c.objc; path = LXB_ForwardingViewController.m; sourceTree = "<group>"; };
		9134582121C3964B004B8922 /* LXB_ForwardingViewController.xib */ = {isa = PBXFileReference; lastKnownFileType = file.xib; path = LXB_ForwardingViewController.xib; sourceTree = "<group>"; };
		9134582521C3A0D8004B8922 /* LXB_FirstViewController.h */ = {isa = PBXFileReference; lastKnownFileType = sourcecode.c.h; path = LXB_FirstViewController.h; sourceTree = "<group>"; };
		9134582621C3A0D8004B8922 /* LXB_FirstViewController.m */ = {isa = PBXFileReference; lastKnownFileType = sourcecode.c.objc; path = LXB_FirstViewController.m; sourceTree = "<group>"; };
		9134582821C3A0EC004B8922 /* LXB_SecondViewController.h */ = {isa = PBXFileReference; lastKnownFileType = sourcecode.c.h; path = LXB_SecondViewController.h; sourceTree = "<group>"; };
		9134582921C3A0EC004B8922 /* LXB_SecondViewController.m */ = {isa = PBXFileReference; lastKnownFileType = sourcecode.c.objc; path = LXB_SecondViewController.m; sourceTree = "<group>"; };
		9134582B21C3A0F7004B8922 /* LXB_ThirdViewController.h */ = {isa = PBXFileReference; lastKnownFileType = sourcecode.c.h; path = LXB_ThirdViewController.h; sourceTree = "<group>"; };
		9134582C21C3A0F7004B8922 /* LXB_ThirdViewController.m */ = {isa = PBXFileReference; lastKnownFileType = sourcecode.c.objc; path = LXB_ThirdViewController.m; sourceTree = "<group>"; };
		91570EBE21D2007500C5B84C /* LXB_RuntimeViewController.h */ = {isa = PBXFileReference; lastKnownFileType = sourcecode.c.h; path = LXB_RuntimeViewController.h; sourceTree = "<group>"; };
		91570EBF21D2007500C5B84C /* LXB_RuntimeViewController.m */ = {isa = PBXFileReference; lastKnownFileType = sourcecode.c.objc; path = LXB_RuntimeViewController.m; sourceTree = "<group>"; };
		91570EC021D2007500C5B84C /* LXB_RuntimeViewController.xib */ = {isa = PBXFileReference; lastKnownFileType = file.xib; path = LXB_RuntimeViewController.xib; sourceTree = "<group>"; };
		91570EC521D201DC00C5B84C /* RuntimeZJ */ = {isa = PBXFileReference; lastKnownFileType = text; path = RuntimeZJ; sourceTree = "<group>"; };
		9166B80321D32B4B00A54052 /* UIViewController+Unit.m */ = {isa = PBXFileReference; fileEncoding = 4; lastKnownFileType = sourcecode.c.objc; path = "UIViewController+Unit.m"; sourceTree = "<group>"; };
		9166B80421D32B4B00A54052 /* UIViewController+Unit.h */ = {isa = PBXFileReference; fileEncoding = 4; lastKnownFileType = sourcecode.c.h; path = "UIViewController+Unit.h"; sourceTree = "<group>"; };
		91FFF09E21C2648F00549976 /* iOS_LXB.app */ = {isa = PBXFileReference; explicitFileType = wrapper.application; includeInIndex = 0; path = iOS_LXB.app; sourceTree = BUILT_PRODUCTS_DIR; };
		91FFF0AF21C2649100549976 /* Info.plist */ = {isa = PBXFileReference; lastKnownFileType = text.plist.xml; path = Info.plist; sourceTree = "<group>"; };
		91FFF0B621C2649100549976 /* iOS_LXBTests.xctest */ = {isa = PBXFileReference; explicitFileType = wrapper.cfbundle; includeInIndex = 0; path = iOS_LXBTests.xctest; sourceTree = BUILT_PRODUCTS_DIR; };
		91FFF0BA21C2649100549976 /* iOS_LXBTests.m */ = {isa = PBXFileReference; lastKnownFileType = sourcecode.c.objc; path = iOS_LXBTests.m; sourceTree = "<group>"; };
		91FFF0BC21C2649100549976 /* Info.plist */ = {isa = PBXFileReference; lastKnownFileType = text.plist.xml; path = Info.plist; sourceTree = "<group>"; };
		91FFF0C121C2649100549976 /* iOS_LXBUITests.xctest */ = {isa = PBXFileReference; explicitFileType = wrapper.cfbundle; includeInIndex = 0; path = iOS_LXBUITests.xctest; sourceTree = BUILT_PRODUCTS_DIR; };
		91FFF0C521C2649100549976 /* iOS_LXBUITests.m */ = {isa = PBXFileReference; lastKnownFileType = sourcecode.c.objc; path = iOS_LXBUITests.m; sourceTree = "<group>"; };
		91FFF0C721C2649100549976 /* Info.plist */ = {isa = PBXFileReference; lastKnownFileType = text.plist.xml; path = Info.plist; sourceTree = "<group>"; };
		91FFF0D421C26A5500549976 /* AppDelegate.h */ = {isa = PBXFileReference; fileEncoding = 4; lastKnownFileType = sourcecode.c.h; path = AppDelegate.h; sourceTree = "<group>"; };
		91FFF0D521C26A5500549976 /* Assets.xcassets */ = {isa = PBXFileReference; lastKnownFileType = folder.assetcatalog; path = Assets.xcassets; sourceTree = "<group>"; };
		91FFF0D621C26A5500549976 /* ViewController.m */ = {isa = PBXFileReference; fileEncoding = 4; lastKnownFileType = sourcecode.c.objc; path = ViewController.m; sourceTree = "<group>"; };
		91FFF0D821C26A5500549976 /* Base */ = {isa = PBXFileReference; lastKnownFileType = file.storyboard; name = Base; path = Base.lproj/LaunchScreen.storyboard; sourceTree = "<group>"; };
		91FFF0DA21C26A5500549976 /* Base */ = {isa = PBXFileReference; lastKnownFileType = file.storyboard; name = Base; path = Base.lproj/Main.storyboard; sourceTree = "<group>"; };
		91FFF0DB21C26A5500549976 /* main.m */ = {isa = PBXFileReference; fileEncoding = 4; lastKnownFileType = sourcecode.c.objc; path = main.m; sourceTree = "<group>"; };
		91FFF0DC21C26A5500549976 /* AppDelegate.m */ = {isa = PBXFileReference; fileEncoding = 4; lastKnownFileType = sourcecode.c.objc; path = AppDelegate.m; sourceTree = "<group>"; };
		91FFF0DD21C26A5500549976 /* ViewController.h */ = {isa = PBXFileReference; fileEncoding = 4; lastKnownFileType = sourcecode.c.h; path = ViewController.h; sourceTree = "<group>"; };
		A64040D073CA8805AFE99862 /* Pods-iOS_LXBTests.debug.xcconfig */ = {isa = PBXFileReference; includeInIndex = 1; lastKnownFileType = text.xcconfig; name = "Pods-iOS_LXBTests.debug.xcconfig"; path = "Pods/Target Support Files/Pods-iOS_LXBTests/Pods-iOS_LXBTests.debug.xcconfig"; sourceTree = "<group>"; };
		E240E9861E7DC008C4874C16 /* Pods-iOS_LXBUITests.debug.xcconfig */ = {isa = PBXFileReference; includeInIndex = 1; lastKnownFileType = text.xcconfig; name = "Pods-iOS_LXBUITests.debug.xcconfig"; path = "Pods/Target Support Files/Pods-iOS_LXBUITests/Pods-iOS_LXBUITests.debug.xcconfig"; sourceTree = "<group>"; };
/* End PBXFileReference section */

/* Begin PBXFrameworksBuildPhase section */
		91FFF09B21C2648F00549976 /* Frameworks */ = {
			isa = PBXFrameworksBuildPhase;
			buildActionMask = 2147483647;
			files = (
				D0AD11C5A74A5C7CBB5A8490 /* libPods-iOS_LXB.a in Frameworks */,
			);
			runOnlyForDeploymentPostprocessing = 0;
		};
		91FFF0B321C2649100549976 /* Frameworks */ = {
			isa = PBXFrameworksBuildPhase;
			buildActionMask = 2147483647;
			files = (
				16C0DAFEA2AF60F54AF0D78F /* libPods-iOS_LXBTests.a in Frameworks */,
			);
			runOnlyForDeploymentPostprocessing = 0;
		};
		91FFF0BE21C2649100549976 /* Frameworks */ = {
			isa = PBXFrameworksBuildPhase;
			buildActionMask = 2147483647;
			files = (
				EDE8467E4EC9856D27AFFFF8 /* libPods-iOS_LXBUITests.a in Frameworks */,
			);
			runOnlyForDeploymentPostprocessing = 0;
		};
/* End PBXFrameworksBuildPhase section */

/* Begin PBXGroup section */
		4F5A14BC98E63465A3F7C577 /* Pods */ = {
			isa = PBXGroup;
			children = (
				3FB2D29947D97859DAB00C64 /* Pods-iOS_LXB.debug.xcconfig */,
				2A83B5E0BD7D782FCF967BE3 /* Pods-iOS_LXB.release.xcconfig */,
				A64040D073CA8805AFE99862 /* Pods-iOS_LXBTests.debug.xcconfig */,
				0B9FF67603F246E5EF07BA51 /* Pods-iOS_LXBTests.release.xcconfig */,
				E240E9861E7DC008C4874C16 /* Pods-iOS_LXBUITests.debug.xcconfig */,
				33082E4E9DE5E860DCDEECCD /* Pods-iOS_LXBUITests.release.xcconfig */,
			);
			name = Pods;
			sourceTree = "<group>";
		};
		6D606C2C05E6E88D8A5B7B13 /* Frameworks */ = {
			isa = PBXGroup;
			children = (
				8D2ABC5303F9541FFC0F8C96 /* libPods-iOS_LXB.a */,
				21250A0A7B453C087DAEDEAB /* libPods-iOS_LXBTests.a */,
				422AA179E8DFB699AADF7720 /* libPods-iOS_LXBUITests.a */,
			);
			name = Frameworks;
			sourceTree = "<group>";
		};
		913222CC21CCE2FC00CF4FFD /* Else */ = {
			isa = PBXGroup;
			children = (
				913222CD21CCE2FC00CF4FFD /* YY */,
			);
			path = Else;
			sourceTree = "<group>";
		};
		913222CD21CCE2FC00CF4FFD /* YY */ = {
			isa = PBXGroup;
			children = (
				913222CE21CCE30D00CF4FFD /* LXB_YYViewController.h */,
				913222CF21CCE30D00CF4FFD /* LXB_YYViewController.m */,
				913222D021CCE30D00CF4FFD /* LXB_YYViewController.xib */,
			);
			path = YY;
			sourceTree = "<group>";
		};
		9134582421C3A0A6004B8922 /* TabbarChirdVc */ = {
			isa = PBXGroup;
			children = (
				9134582521C3A0D8004B8922 /* LXB_FirstViewController.h */,
				9134582621C3A0D8004B8922 /* LXB_FirstViewController.m */,
				9134582821C3A0EC004B8922 /* LXB_SecondViewController.h */,
				9134582921C3A0EC004B8922 /* LXB_SecondViewController.m */,
				9134582B21C3A0F7004B8922 /* LXB_ThirdViewController.h */,
				9134582C21C3A0F7004B8922 /* LXB_ThirdViewController.m */,
			);
			path = TabbarChirdVc;
			sourceTree = "<group>";
		};
		9166B80221D32B4B00A54052 /* MethodSwizzling */ = {
			isa = PBXGroup;
			children = (
				9166B80421D32B4B00A54052 /* UIViewController+Unit.h */,
				9166B80321D32B4B00A54052 /* UIViewController+Unit.m */,
			);
			path = MethodSwizzling;
			sourceTree = "<group>";
		};
		91FFF09521C2648F00549976 = {
			isa = PBXGroup;
			children = (
				91FFF0A021C2648F00549976 /* iOS_LXB */,
				91FFF0B921C2649100549976 /* iOS_LXBTests */,
				91FFF0C421C2649100549976 /* iOS_LXBUITests */,
				91FFF09F21C2648F00549976 /* Products */,
				4F5A14BC98E63465A3F7C577 /* Pods */,
				6D606C2C05E6E88D8A5B7B13 /* Frameworks */,
			);
			sourceTree = "<group>";
		};
		91FFF09F21C2648F00549976 /* Products */ = {
			isa = PBXGroup;
			children = (
				91FFF09E21C2648F00549976 /* iOS_LXB.app */,
				91FFF0B621C2649100549976 /* iOS_LXBTests.xctest */,
				91FFF0C121C2649100549976 /* iOS_LXBUITests.xctest */,
			);
			name = Products;
			sourceTree = "<group>";
		};
		91FFF0A021C2648F00549976 /* iOS_LXB */ = {
			isa = PBXGroup;
			children = (
				913222CC21CCE2FC00CF4FFD /* Else */,
				91FFF0E621C26B2A00549976 /* Base */,
				91FFF0E421C26B2A00549976 /* Ui */,
				91FFF0D321C26A5500549976 /* Supporting Files */,
				91FFF0AF21C2649100549976 /* Info.plist */,
			);
			path = iOS_LXB;
			sourceTree = "<group>";
		};
		91FFF0B921C2649100549976 /* iOS_LXBTests */ = {
			isa = PBXGroup;
			children = (
				91FFF0BA21C2649100549976 /* iOS_LXBTests.m */,
				91FFF0BC21C2649100549976 /* Info.plist */,
			);
			path = iOS_LXBTests;
			sourceTree = "<group>";
		};
		91FFF0C421C2649100549976 /* iOS_LXBUITests */ = {
			isa = PBXGroup;
			children = (
				91FFF0C521C2649100549976 /* iOS_LXBUITests.m */,
				91FFF0C721C2649100549976 /* Info.plist */,
			);
			path = iOS_LXBUITests;
			sourceTree = "<group>";
		};
		91FFF0D321C26A5500549976 /* Supporting Files */ = {
			isa = PBXGroup;
			children = (
				9134582421C3A0A6004B8922 /* TabbarChirdVc */,
				91FFF0D421C26A5500549976 /* AppDelegate.h */,
				91FFF0DC21C26A5500549976 /* AppDelegate.m */,
				91FFF0DD21C26A5500549976 /* ViewController.h */,
				91FFF0D621C26A5500549976 /* ViewController.m */,
				91FFF0D521C26A5500549976 /* Assets.xcassets */,
				91FFF0D721C26A5500549976 /* LaunchScreen.storyboard */,
				91FFF0D921C26A5500549976 /* Main.storyboard */,
				91FFF0DB21C26A5500549976 /* main.m */,
				9108B19721C78EB5004F691A /* PrefixHeader.pch */,
			);
			path = "Supporting Files";
			sourceTree = "<group>";
		};
		91FFF0E421C26B2A00549976 /* Ui */ = {
			isa = PBXGroup;
			children = (
				91FFF0E521C26B2A00549976 /* Animation */,
			);
			path = Ui;
			sourceTree = "<group>";
		};
		91FFF0E521C26B2A00549976 /* Animation */ = {
			isa = PBXGroup;
			children = (
				913222C721CCE26C00CF4FFD /* LXBRedPacketRainViewController.h */,
				913222C821CCE26C00CF4FFD /* LXBRedPacketRainViewController.m */,
				913222C921CCE26C00CF4FFD /* LXBRedPacketRainViewController.xib */,
				913222D321CCE51D00CF4FFD /* LXB_RedPacketView.h */,
				913222D421CCE51D00CF4FFD /* LXB_RedPacketView.m */,
			);
			path = Animation;
			sourceTree = "<group>";
		};
		91FFF0E621C26B2A00549976 /* Base */ = {
			isa = PBXGroup;
			children = (
				9166B80221D32B4B00A54052 /* MethodSwizzling */,
				91FFF0E721C26B2A00549976 /* Runloop */,
				91FFF0E821C26B2A00549976 /* Forwarding */,
				91FFF0E921C26B2A00549976 /* Runtime */,
				91FFF0EA21C26B2A00549976 /* Block */,
			);
			path = Base;
			sourceTree = "<group>";
		};
		91FFF0E721C26B2A00549976 /* Runloop */ = {
			isa = PBXGroup;
			children = (
			);
			path = Runloop;
			sourceTree = "<group>";
		};
		91FFF0E821C26B2A00549976 /* Forwarding */ = {
			isa = PBXGroup;
			children = (
				9134581F21C3964B004B8922 /* LXB_ForwardingViewController.h */,
				9134582021C3964B004B8922 /* LXB_ForwardingViewController.m */,
				9134582121C3964B004B8922 /* LXB_ForwardingViewController.xib */,
			);
			path = Forwarding;
			sourceTree = "<group>";
		};
		91FFF0E921C26B2A00549976 /* Runtime */ = {
			isa = PBXGroup;
			children = (
				91570EC521D201DC00C5B84C /* RuntimeZJ */,
				91570EBE21D2007500C5B84C /* LXB_RuntimeViewController.h */,
				91570EBF21D2007500C5B84C /* LXB_RuntimeViewController.m */,
				91570EC021D2007500C5B84C /* LXB_RuntimeViewController.xib */,
			);
			path = Runtime;
			sourceTree = "<group>";
		};
		91FFF0EA21C26B2A00549976 /* Block */ = {
			isa = PBXGroup;
			children = (
			);
			path = Block;
			sourceTree = "<group>";
		};
/* End PBXGroup section */

/* Begin PBXNativeTarget section */
		91FFF09D21C2648F00549976 /* iOS_LXB */ = {
			isa = PBXNativeTarget;
			buildConfigurationList = 91FFF0CA21C2649100549976 /* Build configuration list for PBXNativeTarget "iOS_LXB" */;
			buildPhases = (
				9FC5743C1A2E795D75F999CC /* [CP] Check Pods Manifest.lock */,
				91FFF09A21C2648F00549976 /* Sources */,
				91FFF09B21C2648F00549976 /* Frameworks */,
				91FFF09C21C2648F00549976 /* Resources */,
				033F7DDC558D21033E5A1DEC /* [CP] Copy Pods Resources */,
			);
			buildRules = (
			);
			dependencies = (
			);
			name = iOS_LXB;
			productName = iOS_LXB;
			productReference = 91FFF09E21C2648F00549976 /* iOS_LXB.app */;
			productType = "com.apple.product-type.application";
		};
		91FFF0B521C2649100549976 /* iOS_LXBTests */ = {
			isa = PBXNativeTarget;
			buildConfigurationList = 91FFF0CD21C2649100549976 /* Build configuration list for PBXNativeTarget "iOS_LXBTests" */;
			buildPhases = (
				0F15ED51E126F96A7FFF5583 /* [CP] Check Pods Manifest.lock */,
				91FFF0B221C2649100549976 /* Sources */,
				91FFF0B321C2649100549976 /* Frameworks */,
				91FFF0B421C2649100549976 /* Resources */,
			);
			buildRules = (
			);
			dependencies = (
				91FFF0B821C2649100549976 /* PBXTargetDependency */,
			);
			name = iOS_LXBTests;
			productName = iOS_LXBTests;
			productReference = 91FFF0B621C2649100549976 /* iOS_LXBTests.xctest */;
			productType = "com.apple.product-type.bundle.unit-test";
		};
		91FFF0C021C2649100549976 /* iOS_LXBUITests */ = {
			isa = PBXNativeTarget;
			buildConfigurationList = 91FFF0D021C2649100549976 /* Build configuration list for PBXNativeTarget "iOS_LXBUITests" */;
			buildPhases = (
				B5D4440C565D7F72ECDB1852 /* [CP] Check Pods Manifest.lock */,
				91FFF0BD21C2649100549976 /* Sources */,
				91FFF0BE21C2649100549976 /* Frameworks */,
				91FFF0BF21C2649100549976 /* Resources */,
			);
			buildRules = (
			);
			dependencies = (
				91FFF0C321C2649100549976 /* PBXTargetDependency */,
			);
			name = iOS_LXBUITests;
			productName = iOS_LXBUITests;
			productReference = 91FFF0C121C2649100549976 /* iOS_LXBUITests.xctest */;
			productType = "com.apple.product-type.bundle.ui-testing";
		};
/* End PBXNativeTarget section */

/* Begin PBXProject section */
		91FFF09621C2648F00549976 /* Project object */ = {
			isa = PBXProject;
			attributes = {
				LastUpgradeCheck = 1010;
				ORGANIZATIONNAME = kodbin;
				TargetAttributes = {
					91FFF09D21C2648F00549976 = {
						CreatedOnToolsVersion = 10.1;
					};
					91FFF0B521C2649100549976 = {
						CreatedOnToolsVersion = 10.1;
						TestTargetID = 91FFF09D21C2648F00549976;
					};
					91FFF0C021C2649100549976 = {
						CreatedOnToolsVersion = 10.1;
						TestTargetID = 91FFF09D21C2648F00549976;
					};
				};
			};
			buildConfigurationList = 91FFF09921C2648F00549976 /* Build configuration list for PBXProject "iOS_LXB" */;
			compatibilityVersion = "Xcode 9.3";
			developmentRegion = en;
			hasScannedForEncodings = 0;
			knownRegions = (
				en,
				Base,
			);
			mainGroup = 91FFF09521C2648F00549976;
			productRefGroup = 91FFF09F21C2648F00549976 /* Products */;
			projectDirPath = "";
			projectRoot = "";
			targets = (
				91FFF09D21C2648F00549976 /* iOS_LXB */,
				91FFF0B521C2649100549976 /* iOS_LXBTests */,
				91FFF0C021C2649100549976 /* iOS_LXBUITests */,
			);
		};
/* End PBXProject section */

/* Begin PBXResourcesBuildPhase section */
		91FFF09C21C2648F00549976 /* Resources */ = {
			isa = PBXResourcesBuildPhase;
			buildActionMask = 2147483647;
			files = (
				9134582321C3964B004B8922 /* LXB_ForwardingViewController.xib in Resources */,
				91570EC621D201DC00C5B84C /* RuntimeZJ in Resources */,
				91FFF0E121C26A5500549976 /* Main.storyboard in Resources */,
				91FFF0DE21C26A5500549976 /* Assets.xcassets in Resources */,
				91FFF0E021C26A5500549976 /* LaunchScreen.storyboard in Resources */,
				913222CB21CCE26C00CF4FFD /* LXBRedPacketRainViewController.xib in Resources */,
				91570EC221D2007500C5B84C /* LXB_RuntimeViewController.xib in Resources */,
				913222D221CCE30D00CF4FFD /* LXB_YYViewController.xib in Resources */,
			);
			runOnlyForDeploymentPostprocessing = 0;
		};
		91FFF0B421C2649100549976 /* Resources */ = {
			isa = PBXResourcesBuildPhase;
			buildActionMask = 2147483647;
			files = (
			);
			runOnlyForDeploymentPostprocessing = 0;
		};
		91FFF0BF21C2649100549976 /* Resources */ = {
			isa = PBXResourcesBuildPhase;
			buildActionMask = 2147483647;
			files = (
			);
			runOnlyForDeploymentPostprocessing = 0;
		};
/* End PBXResourcesBuildPhase section */

/* Begin PBXShellScriptBuildPhase section */
		033F7DDC558D21033E5A1DEC /* [CP] Copy Pods Resources */ = {
			isa = PBXShellScriptBuildPhase;
			buildActionMask = 2147483647;
			files = (
			);
			inputFileListPaths = (
			);
			inputPaths = (
				"${SRCROOT}/Pods/Target Support Files/Pods-iOS_LXB/Pods-iOS_LXB-resources.sh",
				"${PODS_ROOT}/IQKeyboardManager/IQKeyboardManager/Resources/IQKeyboardManager.bundle",
				"${PODS_ROOT}/MJRefresh/MJRefresh/MJRefresh.bundle",
				"${PODS_ROOT}/SVProgressHUD/SVProgressHUD/SVProgressHUD.bundle",
			);
			name = "[CP] Copy Pods Resources";
			outputFileListPaths = (
			);
			outputPaths = (
				"${TARGET_BUILD_DIR}/${UNLOCALIZED_RESOURCES_FOLDER_PATH}/IQKeyboardManager.bundle",
				"${TARGET_BUILD_DIR}/${UNLOCALIZED_RESOURCES_FOLDER_PATH}/MJRefresh.bundle",
				"${TARGET_BUILD_DIR}/${UNLOCALIZED_RESOURCES_FOLDER_PATH}/SVProgressHUD.bundle",
			);
			runOnlyForDeploymentPostprocessing = 0;
			shellPath = /bin/sh;
			shellScript = "\"${SRCROOT}/Pods/Target Support Files/Pods-iOS_LXB/Pods-iOS_LXB-resources.sh\"\n";
			showEnvVarsInLog = 0;
		};
		0F15ED51E126F96A7FFF5583 /* [CP] Check Pods Manifest.lock */ = {
			isa = PBXShellScriptBuildPhase;
			buildActionMask = 2147483647;
			files = (
			);
			inputFileListPaths = (
			);
			inputPaths = (
				"${PODS_PODFILE_DIR_PATH}/Podfile.lock",
				"${PODS_ROOT}/Manifest.lock",
			);
			name = "[CP] Check Pods Manifest.lock";
			outputFileListPaths = (
			);
			outputPaths = (
				"$(DERIVED_FILE_DIR)/Pods-iOS_LXBTests-checkManifestLockResult.txt",
			);
			runOnlyForDeploymentPostprocessing = 0;
			shellPath = /bin/sh;
			shellScript = "diff \"${PODS_PODFILE_DIR_PATH}/Podfile.lock\" \"${PODS_ROOT}/Manifest.lock\" > /dev/null\nif [ $? != 0 ] ; then\n    # print error to STDERR\n    echo \"error: The sandbox is not in sync with the Podfile.lock. Run 'pod install' or update your CocoaPods installation.\" >&2\n    exit 1\nfi\n# This output is used by Xcode 'outputs' to avoid re-running this script phase.\necho \"SUCCESS\" > \"${SCRIPT_OUTPUT_FILE_0}\"\n";
			showEnvVarsInLog = 0;
		};
		9FC5743C1A2E795D75F999CC /* [CP] Check Pods Manifest.lock */ = {
			isa = PBXShellScriptBuildPhase;
			buildActionMask = 2147483647;
			files = (
			);
			inputFileListPaths = (
			);
			inputPaths = (
				"${PODS_PODFILE_DIR_PATH}/Podfile.lock",
				"${PODS_ROOT}/Manifest.lock",
			);
			name = "[CP] Check Pods Manifest.lock";
			outputFileListPaths = (
			);
			outputPaths = (
				"$(DERIVED_FILE_DIR)/Pods-iOS_LXB-checkManifestLockResult.txt",
			);
			runOnlyForDeploymentPostprocessing = 0;
			shellPath = /bin/sh;
			shellScript = "diff \"${PODS_PODFILE_DIR_PATH}/Podfile.lock\" \"${PODS_ROOT}/Manifest.lock\" > /dev/null\nif [ $? != 0 ] ; then\n    # print error to STDERR\n    echo \"error: The sandbox is not in sync with the Podfile.lock. Run 'pod install' or update your CocoaPods installation.\" >&2\n    exit 1\nfi\n# This output is used by Xcode 'outputs' to avoid re-running this script phase.\necho \"SUCCESS\" > \"${SCRIPT_OUTPUT_FILE_0}\"\n";
			showEnvVarsInLog = 0;
		};
		B5D4440C565D7F72ECDB1852 /* [CP] Check Pods Manifest.lock */ = {
			isa = PBXShellScriptBuildPhase;
			buildActionMask = 2147483647;
			files = (
			);
			inputFileListPaths = (
			);
			inputPaths = (
				"${PODS_PODFILE_DIR_PATH}/Podfile.lock",
				"${PODS_ROOT}/Manifest.lock",
			);
			name = "[CP] Check Pods Manifest.lock";
			outputFileListPaths = (
			);
			outputPaths = (
				"$(DERIVED_FILE_DIR)/Pods-iOS_LXBUITests-checkManifestLockResult.txt",
			);
			runOnlyForDeploymentPostprocessing = 0;
			shellPath = /bin/sh;
			shellScript = "diff \"${PODS_PODFILE_DIR_PATH}/Podfile.lock\" \"${PODS_ROOT}/Manifest.lock\" > /dev/null\nif [ $? != 0 ] ; then\n    # print error to STDERR\n    echo \"error: The sandbox is not in sync with the Podfile.lock. Run 'pod install' or update your CocoaPods installation.\" >&2\n    exit 1\nfi\n# This output is used by Xcode 'outputs' to avoid re-running this script phase.\necho \"SUCCESS\" > \"${SCRIPT_OUTPUT_FILE_0}\"\n";
			showEnvVarsInLog = 0;
		};
/* End PBXShellScriptBuildPhase section */

/* Begin PBXSourcesBuildPhase section */
		91FFF09A21C2648F00549976 /* Sources */ = {
			isa = PBXSourcesBuildPhase;
			buildActionMask = 2147483647;
			files = (
				9134582221C3964B004B8922 /* LXB_ForwardingViewController.m in Sources */,
				9134582721C3A0D8004B8922 /* LXB_FirstViewController.m in Sources */,
				91FFF0E221C26A5500549976 /* main.m in Sources */,
				9134582D21C3A0F7004B8922 /* LXB_ThirdViewController.m in Sources */,
				913222CA21CCE26C00CF4FFD /* LXBRedPacketRainViewController.m in Sources */,
				913222D121CCE30D00CF4FFD /* LXB_YYViewController.m in Sources */,
				9166B80521D32B4B00A54052 /* UIViewController+Unit.m in Sources */,
				91570EC121D2007500C5B84C /* LXB_RuntimeViewController.m in Sources */,
				9134582A21C3A0EC004B8922 /* LXB_SecondViewController.m in Sources */,
				91FFF0DF21C26A5500549976 /* ViewController.m in Sources */,
				913222D521CCE51D00CF4FFD /* LXB_RedPacketView.m in Sources */,
				91FFF0E321C26A5500549976 /* AppDelegate.m in Sources */,
			);
			runOnlyForDeploymentPostprocessing = 0;
		};
		91FFF0B221C2649100549976 /* Sources */ = {
			isa = PBXSourcesBuildPhase;
			buildActionMask = 2147483647;
			files = (
				91FFF0BB21C2649100549976 /* iOS_LXBTests.m in Sources */,
			);
			runOnlyForDeploymentPostprocessing = 0;
		};
		91FFF0BD21C2649100549976 /* Sources */ = {
			isa = PBXSourcesBuildPhase;
			buildActionMask = 2147483647;
			files = (
				91FFF0C621C2649100549976 /* iOS_LXBUITests.m in Sources */,
			);
			runOnlyForDeploymentPostprocessing = 0;
		};
/* End PBXSourcesBuildPhase section */

/* Begin PBXTargetDependency section */
		91FFF0B821C2649100549976 /* PBXTargetDependency */ = {
			isa = PBXTargetDependency;
			target = 91FFF09D21C2648F00549976 /* iOS_LXB */;
			targetProxy = 91FFF0B721C2649100549976 /* PBXContainerItemProxy */;
		};
		91FFF0C321C2649100549976 /* PBXTargetDependency */ = {
			isa = PBXTargetDependency;
			target = 91FFF09D21C2648F00549976 /* iOS_LXB */;
			targetProxy = 91FFF0C221C2649100549976 /* PBXContainerItemProxy */;
		};
/* End PBXTargetDependency section */

/* Begin PBXVariantGroup section */
		91FFF0D721C26A5500549976 /* LaunchScreen.storyboard */ = {
			isa = PBXVariantGroup;
			children = (
				91FFF0D821C26A5500549976 /* Base */,
			);
			name = LaunchScreen.storyboard;
			sourceTree = "<group>";
		};
		91FFF0D921C26A5500549976 /* Main.storyboard */ = {
			isa = PBXVariantGroup;
			children = (
				91FFF0DA21C26A5500549976 /* Base */,
			);
			name = Main.storyboard;
			sourceTree = "<group>";
		};
/* End PBXVariantGroup section */

/* Begin XCBuildConfiguration section */
		91FFF0C821C2649100549976 /* Debug */ = {
			isa = XCBuildConfiguration;
			buildSettings = {
				ALWAYS_SEARCH_USER_PATHS = NO;
				CLANG_ANALYZER_NONNULL = YES;
				CLANG_ANALYZER_NUMBER_OBJECT_CONVERSION = YES_AGGRESSIVE;
				CLANG_CXX_LANGUAGE_STANDARD = "gnu++14";
				CLANG_CXX_LIBRARY = "libc++";
				CLANG_ENABLE_MODULES = YES;
				CLANG_ENABLE_OBJC_ARC = YES;
				CLANG_ENABLE_OBJC_WEAK = YES;
				CLANG_WARN_BLOCK_CAPTURE_AUTORELEASING = YES;
				CLANG_WARN_BOOL_CONVERSION = YES;
				CLANG_WARN_COMMA = YES;
				CLANG_WARN_CONSTANT_CONVERSION = YES;
				CLANG_WARN_DEPRECATED_OBJC_IMPLEMENTATIONS = YES;
				CLANG_WARN_DIRECT_OBJC_ISA_USAGE = YES_ERROR;
				CLANG_WARN_DOCUMENTATION_COMMENTS = YES;
				CLANG_WARN_EMPTY_BODY = YES;
				CLANG_WARN_ENUM_CONVERSION = YES;
				CLANG_WARN_INFINITE_RECURSION = YES;
				CLANG_WARN_INT_CONVERSION = YES;
				CLANG_WARN_NON_LITERAL_NULL_CONVERSION = YES;
				CLANG_WARN_OBJC_IMPLICIT_RETAIN_SELF = YES;
				CLANG_WARN_OBJC_LITERAL_CONVERSION = YES;
				CLANG_WARN_OBJC_ROOT_CLASS = YES_ERROR;
				CLANG_WARN_RANGE_LOOP_ANALYSIS = YES;
				CLANG_WARN_STRICT_PROTOTYPES = YES;
				CLANG_WARN_SUSPICIOUS_MOVE = YES;
				CLANG_WARN_UNGUARDED_AVAILABILITY = YES_AGGRESSIVE;
				CLANG_WARN_UNREACHABLE_CODE = YES;
				CLANG_WARN__DUPLICATE_METHOD_MATCH = YES;
				CODE_SIGN_IDENTITY = "iPhone Developer";
				COPY_PHASE_STRIP = NO;
				DEBUG_INFORMATION_FORMAT = dwarf;
				ENABLE_STRICT_OBJC_MSGSEND = YES;
				ENABLE_TESTABILITY = YES;
				GCC_C_LANGUAGE_STANDARD = gnu11;
				GCC_DYNAMIC_NO_PIC = NO;
				GCC_NO_COMMON_BLOCKS = YES;
				GCC_OPTIMIZATION_LEVEL = 0;
				GCC_PREPROCESSOR_DEFINITIONS = (
					"DEBUG=1",
					"$(inherited)",
				);
				GCC_WARN_64_TO_32_BIT_CONVERSION = YES;
				GCC_WARN_ABOUT_RETURN_TYPE = YES_ERROR;
				GCC_WARN_UNDECLARED_SELECTOR = YES;
				GCC_WARN_UNINITIALIZED_AUTOS = YES_AGGRESSIVE;
				GCC_WARN_UNUSED_FUNCTION = YES;
				GCC_WARN_UNUSED_VARIABLE = YES;
				IPHONEOS_DEPLOYMENT_TARGET = 12.1;
				MTL_ENABLE_DEBUG_INFO = INCLUDE_SOURCE;
				MTL_FAST_MATH = YES;
				ONLY_ACTIVE_ARCH = YES;
				SDKROOT = iphoneos;
			};
			name = Debug;
		};
		91FFF0C921C2649100549976 /* Release */ = {
			isa = XCBuildConfiguration;
			buildSettings = {
				ALWAYS_SEARCH_USER_PATHS = NO;
				CLANG_ANALYZER_NONNULL = YES;
				CLANG_ANALYZER_NUMBER_OBJECT_CONVERSION = YES_AGGRESSIVE;
				CLANG_CXX_LANGUAGE_STANDARD = "gnu++14";
				CLANG_CXX_LIBRARY = "libc++";
				CLANG_ENABLE_MODULES = YES;
				CLANG_ENABLE_OBJC_ARC = YES;
				CLANG_ENABLE_OBJC_WEAK = YES;
				CLANG_WARN_BLOCK_CAPTURE_AUTORELEASING = YES;
				CLANG_WARN_BOOL_CONVERSION = YES;
				CLANG_WARN_COMMA = YES;
				CLANG_WARN_CONSTANT_CONVERSION = YES;
				CLANG_WARN_DEPRECATED_OBJC_IMPLEMENTATIONS = YES;
				CLANG_WARN_DIRECT_OBJC_ISA_USAGE = YES_ERROR;
				CLANG_WARN_DOCUMENTATION_COMMENTS = YES;
				CLANG_WARN_EMPTY_BODY = YES;
				CLANG_WARN_ENUM_CONVERSION = YES;
				CLANG_WARN_INFINITE_RECURSION = YES;
				CLANG_WARN_INT_CONVERSION = YES;
				CLANG_WARN_NON_LITERAL_NULL_CONVERSION = YES;
				CLANG_WARN_OBJC_IMPLICIT_RETAIN_SELF = YES;
				CLANG_WARN_OBJC_LITERAL_CONVERSION = YES;
				CLANG_WARN_OBJC_ROOT_CLASS = YES_ERROR;
				CLANG_WARN_RANGE_LOOP_ANALYSIS = YES;
				CLANG_WARN_STRICT_PROTOTYPES = YES;
				CLANG_WARN_SUSPICIOUS_MOVE = YES;
				CLANG_WARN_UNGUARDED_AVAILABILITY = YES_AGGRESSIVE;
				CLANG_WARN_UNREACHABLE_CODE = YES;
				CLANG_WARN__DUPLICATE_METHOD_MATCH = YES;
				CODE_SIGN_IDENTITY = "iPhone Developer";
				COPY_PHASE_STRIP = NO;
				DEBUG_INFORMATION_FORMAT = "dwarf-with-dsym";
				ENABLE_NS_ASSERTIONS = NO;
				ENABLE_STRICT_OBJC_MSGSEND = YES;
				GCC_C_LANGUAGE_STANDARD = gnu11;
				GCC_NO_COMMON_BLOCKS = YES;
				GCC_WARN_64_TO_32_BIT_CONVERSION = YES;
				GCC_WARN_ABOUT_RETURN_TYPE = YES_ERROR;
				GCC_WARN_UNDECLARED_SELECTOR = YES;
				GCC_WARN_UNINITIALIZED_AUTOS = YES_AGGRESSIVE;
				GCC_WARN_UNUSED_FUNCTION = YES;
				GCC_WARN_UNUSED_VARIABLE = YES;
				IPHONEOS_DEPLOYMENT_TARGET = 12.1;
				MTL_ENABLE_DEBUG_INFO = NO;
				MTL_FAST_MATH = YES;
				SDKROOT = iphoneos;
				VALIDATE_PRODUCT = YES;
			};
			name = Release;
		};
		91FFF0CB21C2649100549976 /* Debug */ = {
			isa = XCBuildConfiguration;
			baseConfigurationReference = 3FB2D29947D97859DAB00C64 /* Pods-iOS_LXB.debug.xcconfig */;
			buildSettings = {
				ASSETCATALOG_COMPILER_APPICON_NAME = AppIcon;
				CODE_SIGN_STYLE = Automatic;
				DEVELOPMENT_TEAM = RB96JW8A5T;
				ENABLE_STRICT_OBJC_MSGSEND = YES;
				GCC_PRECOMPILE_PREFIX_HEADER = YES;
				GCC_PREFIX_HEADER = "/Users/minorukinsho/Desktop/iOS_LXB_Github/iOS_LXB/iOS_LXB/Supporting Files/PrefixHeader.pch";
				INFOPLIST_FILE = iOS_LXB/Info.plist;
				IPHONEOS_DEPLOYMENT_TARGET = 9.0;
				LD_RUNPATH_SEARCH_PATHS = (
					"$(inherited)",
					"@executable_path/Frameworks",
				);
				PRODUCT_BUNDLE_IDENTIFIER = "com.kodbin.iOS-LXB";
				PRODUCT_NAME = "$(TARGET_NAME)";
				TARGETED_DEVICE_FAMILY = "1,2";
			};
			name = Debug;
		};
		91FFF0CC21C2649100549976 /* Release */ = {
			isa = XCBuildConfiguration;
			baseConfigurationReference = 2A83B5E0BD7D782FCF967BE3 /* Pods-iOS_LXB.release.xcconfig */;
			buildSettings = {
				ASSETCATALOG_COMPILER_APPICON_NAME = AppIcon;
				CODE_SIGN_STYLE = Automatic;
				DEVELOPMENT_TEAM = RB96JW8A5T;
				ENABLE_STRICT_OBJC_MSGSEND = YES;
				GCC_PRECOMPILE_PREFIX_HEADER = YES;
				GCC_PREFIX_HEADER = "/Users/minorukinsho/Desktop/iOS_LXB_Github/iOS_LXB/iOS_LXB/Supporting Files/PrefixHeader.pch";
				INFOPLIST_FILE = iOS_LXB/Info.plist;
				IPHONEOS_DEPLOYMENT_TARGET = 9.0;
				LD_RUNPATH_SEARCH_PATHS = (
					"$(inherited)",
					"@executable_path/Frameworks",
				);
				PRODUCT_BUNDLE_IDENTIFIER = "com.kodbin.iOS-LXB";
				PRODUCT_NAME = "$(TARGET_NAME)";
				TARGETED_DEVICE_FAMILY = "1,2";
			};
			name = Release;
		};
		91FFF0CE21C2649100549976 /* Debug */ = {
			isa = XCBuildConfiguration;
			baseConfigurationReference = A64040D073CA8805AFE99862 /* Pods-iOS_LXBTests.debug.xcconfig */;
			buildSettings = {
				BUNDLE_LOADER = "$(TEST_HOST)";
				CODE_SIGN_STYLE = Automatic;
				DEVELOPMENT_TEAM = RB96JW8A5T;
				INFOPLIST_FILE = iOS_LXBTests/Info.plist;
				LD_RUNPATH_SEARCH_PATHS = (
					"$(inherited)",
					"@executable_path/Frameworks",
					"@loader_path/Frameworks",
				);
				PRODUCT_BUNDLE_IDENTIFIER = "com.kodbin.iOS-LXBTests";
				PRODUCT_NAME = "$(TARGET_NAME)";
				TARGETED_DEVICE_FAMILY = "1,2";
				TEST_HOST = "$(BUILT_PRODUCTS_DIR)/iOS_LXB.app/iOS_LXB";
			};
			name = Debug;
		};
		91FFF0CF21C2649100549976 /* Release */ = {
			isa = XCBuildConfiguration;
			baseConfigurationReference = 0B9FF67603F246E5EF07BA51 /* Pods-iOS_LXBTests.release.xcconfig */;
			buildSettings = {
				BUNDLE_LOADER = "$(TEST_HOST)";
				CODE_SIGN_STYLE = Automatic;
				DEVELOPMENT_TEAM = RB96JW8A5T;
				INFOPLIST_FILE = iOS_LXBTests/Info.plist;
				LD_RUNPATH_SEARCH_PATHS = (
					"$(inherited)",
					"@executable_path/Frameworks",
					"@loader_path/Frameworks",
				);
				PRODUCT_BUNDLE_IDENTIFIER = "com.kodbin.iOS-LXBTests";
				PRODUCT_NAME = "$(TARGET_NAME)";
				TARGETED_DEVICE_FAMILY = "1,2";
				TEST_HOST = "$(BUILT_PRODUCTS_DIR)/iOS_LXB.app/iOS_LXB";
			};
			name = Release;
		};
		91FFF0D121C2649100549976 /* Debug */ = {
			isa = XCBuildConfiguration;
			baseConfigurationReference = E240E9861E7DC008C4874C16 /* Pods-iOS_LXBUITests.debug.xcconfig */;
			buildSettings = {
				CODE_SIGN_STYLE = Automatic;
				DEVELOPMENT_TEAM = RB96JW8A5T;
				INFOPLIST_FILE = iOS_LXBUITests/Info.plist;
				LD_RUNPATH_SEARCH_PATHS = (
					"$(inherited)",
					"@executable_path/Frameworks",
					"@loader_path/Frameworks",
				);
				PRODUCT_BUNDLE_IDENTIFIER = "com.kodbin.iOS-LXBUITests";
				PRODUCT_NAME = "$(TARGET_NAME)";
				TARGETED_DEVICE_FAMILY = "1,2";
				TEST_TARGET_NAME = iOS_LXB;
			};
			name = Debug;
		};
		91FFF0D221C2649100549976 /* Release */ = {
			isa = XCBuildConfiguration;
			baseConfigurationReference = 33082E4E9DE5E860DCDEECCD /* Pods-iOS_LXBUITests.release.xcconfig */;
			buildSettings = {
				CODE_SIGN_STYLE = Automatic;
				DEVELOPMENT_TEAM = RB96JW8A5T;
				INFOPLIST_FILE = iOS_LXBUITests/Info.plist;
				LD_RUNPATH_SEARCH_PATHS = (
					"$(inherited)",
					"@executable_path/Frameworks",
					"@loader_path/Frameworks",
				);
				PRODUCT_BUNDLE_IDENTIFIER = "com.kodbin.iOS-LXBUITests";
				PRODUCT_NAME = "$(TARGET_NAME)";
				TARGETED_DEVICE_FAMILY = "1,2";
				TEST_TARGET_NAME = iOS_LXB;
			};
			name = Release;
		};
/* End XCBuildConfiguration section */

/* Begin XCConfigurationList section */
		91FFF09921C2648F00549976 /* Build configuration list for PBXProject "iOS_LXB" */ = {
			isa = XCConfigurationList;
			buildConfigurations = (
				91FFF0C821C2649100549976 /* Debug */,
				91FFF0C921C2649100549976 /* Release */,
			);
			defaultConfigurationIsVisible = 0;
			defaultConfigurationName = Release;
		};
		91FFF0CA21C2649100549976 /* Build configuration list for PBXNativeTarget "iOS_LXB" */ = {
			isa = XCConfigurationList;
			buildConfigurations = (
				91FFF0CB21C2649100549976 /* Debug */,
				91FFF0CC21C2649100549976 /* Release */,
			);
			defaultConfigurationIsVisible = 0;
			defaultConfigurationName = Release;
		};
		91FFF0CD21C2649100549976 /* Build configuration list for PBXNativeTarget "iOS_LXBTests" */ = {
			isa = XCConfigurationList;
			buildConfigurations = (
				91FFF0CE21C2649100549976 /* Debug */,
				91FFF0CF21C2649100549976 /* Release */,
			);
			defaultConfigurationIsVisible = 0;
			defaultConfigurationName = Release;
		};
		91FFF0D021C2649100549976 /* Build configuration list for PBXNativeTarget "iOS_LXBUITests" */ = {
			isa = XCConfigurationList;
			buildConfigurations = (
				91FFF0D121C2649100549976 /* Debug */,
				91FFF0D221C2649100549976 /* Release */,
			);
			defaultConfigurationIsVisible = 0;
			defaultConfigurationName = Release;
		};
/* End XCConfigurationList section */
	};
	rootObject = 91FFF09621C2648F00549976 /* Project object */;
}
